
Microsoft Visual Studio Solution File, Format Version 12.00
# Visual Studio Version 17
VisualStudioVersion = 17.5.33530.505
MinimumVisualStudioVersion = 10.0.40219.1
Project("{FAE04EC0-301F-11D3-BF4B-00C04F79EFBC}") = "api.eavila.cuentas", "..\api.eavila.cuentas_\api.eavila.cuentas\api.eavila.cuentas.csproj", "{FAE44813-96D2-4440-90FB-2F7195BB5A6D}"
EndProject
Project("{FAE04EC0-301F-11D3-BF4B-00C04F79EFBC}") = "Infraestructure", "..\api.eavila.cuentas_\Infraestructure\Infraestructure.csproj", "{116AF8FA-36B7-40F1-9CD5-2D6265513362}"
EndProject
Project("{FAE04EC0-301F-11D3-BF4B-00C04F79EFBC}") = "Services", "..\api.eavila.cuentas_\Services\Services.csproj", "{62D197AA-FFC2-4F18-88D5-D6CEB0C54647}"
EndProject
Global
	GlobalSection(SolutionConfigurationPlatforms) = preSolution
		Debug|Any CPU = Debug|Any CPU
		Release|Any CPU = Release|Any CPU
	EndGlobalSection
	GlobalSection(ProjectConfigurationPlatforms) = postSolution
		{FAE44813-96D2-4440-90FB-2F7195BB5A6D}.Debug|Any CPU.ActiveCfg = Debug|Any CPU
		{FAE44813-96D2-4440-90FB-2F7195BB5A6D}.Debug|Any CPU.Build.0 = Debug|Any CPU
		{FAE44813-96D2-4440-90FB-2F7195BB5A6D}.Release|Any CPU.ActiveCfg = Release|Any CPU
		{FAE44813-96D2-4440-90FB-2F7195BB5A6D}.Release|Any CPU.Build.0 = Release|Any CPU
		{116AF8FA-36B7-40F1-9CD5-2D6265513362}.Debug|Any CPU.ActiveCfg = Debug|Any CPU
		{116AF8FA-36B7-40F1-9CD5-2D6265513362}.Debug|Any CPU.Build.0 = Debug|Any CPU
		{116AF8FA-36B7-40F1-9CD5-2D6265513362}.Release|Any CPU.ActiveCfg = Release|Any CPU
		{116AF8FA-36B7-40F1-9CD5-2D6265513362}.Release|Any CPU.Build.0 = Release|Any CPU
		{62D197AA-FFC2-4F18-88D5-D6CEB0C54647}.Debug|Any CPU.ActiveCfg = Debug|Any CPU
		{62D197AA-FFC2-4F18-88D5-D6CEB0C54647}.Debug|Any CPU.Build.0 = Debug|Any CPU
		{62D197AA-FFC2-4F18-88D5-D6CEB0C54647}.Release|Any CPU.ActiveCfg = Release|Any CPU
		{62D197AA-FFC2-4F18-88D5-D6CEB0C54647}.Release|Any CPU.Build.0 = Release|Any CPU
	EndGlobalSection
	GlobalSection(SolutionProperties) = preSolution
		HideSolutionNode = FALSE
	EndGlobalSection
	GlobalSection(ExtensibilityGlobals) = postSolution
		SolutionGuid = {EBC8AAFA-40E4-43FC-A5A0-20565952BC62}
	EndGlobalSection
EndGlobal
